
Microsoft Visual Studio Solution File, Format Version 12.00
# Visual Studio Version 16
VisualStudioVersion = 16.0.31613.86
MinimumVisualStudioVersion = 10.0.40219.1
Project("{FAE04EC0-301F-11D3-BF4B-00C04F79EFBC}") = "tarea10", "tarea10\tarea10.csproj", "{AAC42FFE-5EB0-4C86-86CA-D712A05A4B19}"
EndProject
Global
	GlobalSection(SolutionConfigurationPlatforms) = preSolution
		Debug|Any CPU = Debug|Any CPU
		Release|Any CPU = Release|Any CPU
	EndGlobalSection
	GlobalSection(ProjectConfigurationPlatforms) = postSolution
		{AAC42FFE-5EB0-4C86-86CA-D712A05A4B19}.Debug|Any CPU.ActiveCfg = Debug|Any CPU
		{AAC42FFE-5EB0-4C86-86CA-D712A05A4B19}.Debug|Any CPU.Build.0 = Debug|Any CPU
		{AAC42FFE-5EB0-4C86-86CA-D712A05A4B19}.Release|Any CPU.ActiveCfg = Release|Any CPU
		{AAC42FFE-5EB0-4C86-86CA-D712A05A4B19}.Release|Any CPU.Build.0 = Release|Any CPU
	EndGlobalSection
	GlobalSection(SolutionProperties) = preSolution
		HideSolutionNode = FALSE
	EndGlobalSection
	GlobalSection(ExtensibilityGlobals) = postSolution
		SolutionGuid = {2457836B-2DFB-48A9-A165-418A7736C541}
	EndGlobalSection
EndGlobal
