
Microsoft Visual Studio Solution File, Format Version 12.00
# Visual Studio Version 16
VisualStudioVersion = 16.0.31613.86
MinimumVisualStudioVersion = 10.0.40219.1
Project("{FAE04EC0-301F-11D3-BF4B-00C04F79EFBC}") = "tarea8", "tarea8\tarea8.csproj", "{C08D058B-F555-4625-9864-0CB829DFEE35}"
EndProject
Global
	GlobalSection(SolutionConfigurationPlatforms) = preSolution
		Debug|Any CPU = Debug|Any CPU
		Release|Any CPU = Release|Any CPU
	EndGlobalSection
	GlobalSection(ProjectConfigurationPlatforms) = postSolution
		{C08D058B-F555-4625-9864-0CB829DFEE35}.Debug|Any CPU.ActiveCfg = Debug|Any CPU
		{C08D058B-F555-4625-9864-0CB829DFEE35}.Debug|Any CPU.Build.0 = Debug|Any CPU
		{C08D058B-F555-4625-9864-0CB829DFEE35}.Release|Any CPU.ActiveCfg = Release|Any CPU
		{C08D058B-F555-4625-9864-0CB829DFEE35}.Release|Any CPU.Build.0 = Release|Any CPU
	EndGlobalSection
	GlobalSection(SolutionProperties) = preSolution
		HideSolutionNode = FALSE
	EndGlobalSection
	GlobalSection(ExtensibilityGlobals) = postSolution
		SolutionGuid = {47A66BE3-074F-4B4C-81F2-0EF9E16E4DEA}
	EndGlobalSection
EndGlobal
